
Microsoft Visual Studio Solution File, Format Version 12.00
# Visual Studio Version 17
VisualStudioVersion = 17.11.35303.130
MinimumVisualStudioVersion = 10.0.40219.1
Project("{FAE04EC0-301F-11D3-BF4B-00C04F79EFBC}") = "UsuariosEliminar", "UsuariosEliminar\UsuariosEliminar.csproj", "{C0B7ACA0-7023-4CAD-A8D2-46B2F791654C}"
EndProject
Global
	GlobalSection(SolutionConfigurationPlatforms) = preSolution
		Debug|Any CPU = Debug|Any CPU
		Release|Any CPU = Release|Any CPU
	EndGlobalSection
	GlobalSection(ProjectConfigurationPlatforms) = postSolution
		{C0B7ACA0-7023-4CAD-A8D2-46B2F791654C}.Debug|Any CPU.ActiveCfg = Debug|Any CPU
		{C0B7ACA0-7023-4CAD-A8D2-46B2F791654C}.Debug|Any CPU.Build.0 = Debug|Any CPU
		{C0B7ACA0-7023-4CAD-A8D2-46B2F791654C}.Release|Any CPU.ActiveCfg = Release|Any CPU
		{C0B7ACA0-7023-4CAD-A8D2-46B2F791654C}.Release|Any CPU.Build.0 = Release|Any CPU
	EndGlobalSection
	GlobalSection(SolutionProperties) = preSolution
		HideSolutionNode = FALSE
	EndGlobalSection
	GlobalSection(ExtensibilityGlobals) = postSolution
		SolutionGuid = {B3038FEC-8DBC-4212-865C-DF5F04F16508}
	EndGlobalSection
EndGlobal
